
Microsoft Visual Studio Solution File, Format Version 12.00
# Visual Studio Version 17
VisualStudioVersion = 17.11.35303.130
MinimumVisualStudioVersion = 10.0.40219.1
Project("{2150E333-8FDC-42A3-9474-1A3956D46DE8}") = "Services", "Services", "{594F7021-C270-4172-B92B-A5E8C4E582BE}"
EndProject
Project("{2150E333-8FDC-42A3-9474-1A3956D46DE8}") = "Catalog", "Catalog", "{A4EEC440-53C9-47A7-A399-4E121E2B4BFF}"
EndProject
Project("{9A19103F-16F7-4668-BE54-9A1E7A4F7556}") = "MultiShop.Catalog", "Services\Catalog\MultiShop.Catalog\MultiShop.Catalog.csproj", "{96579B8B-AAFB-4680-B15B-51BD8F157AB4}"
EndProject
Project("{2150E333-8FDC-42A3-9474-1A3956D46DE8}") = "Discount", "Discount", "{CA786498-90E5-4098-87B7-F5A9D219DFE9}"
EndProject
Project("{9A19103F-16F7-4668-BE54-9A1E7A4F7556}") = "MultiShop.Discount", "Services\Discount\MultiShop.Discount\MultiShop.Discount.csproj", "{F89AFB7F-655D-4DE7-A207-50DFD523EC1A}"
EndProject
Project("{2150E333-8FDC-42A3-9474-1A3956D46DE8}") = "Order", "Order", "{9BBA821E-EA1F-40F6-A431-EBB7B0D46046}"
EndProject
Project("{2150E333-8FDC-42A3-9474-1A3956D46DE8}") = "Core", "Core", "{B18AAD75-66E6-405B-8B7E-00C7627A8F49}"
EndProject
Project("{2150E333-8FDC-42A3-9474-1A3956D46DE8}") = "Infrastructure", "Infrastructure", "{2E7050CC-3536-4571-AAF5-DD090BC0AC56}"
EndProject
Project("{2150E333-8FDC-42A3-9474-1A3956D46DE8}") = "Presentation", "Presentation", "{FB800798-35CC-4035-97BF-FCB7DBF07A5F}"
EndProject
Project("{9A19103F-16F7-4668-BE54-9A1E7A4F7556}") = "MultiShop.Order.Domain", "Services\Order\Core\MultiShop.Order.Domain\MultiShop.Order.Domain.csproj", "{0662048A-ACFA-493E-8F36-1320FD3A9D1B}"
EndProject
Project("{9A19103F-16F7-4668-BE54-9A1E7A4F7556}") = "MultiShop.Order.Application", "Services\Order\Core\MultiShop.Order.Application\MultiShop.Order.Application.csproj", "{11DD522A-B4B3-440F-AB0C-AD936980CE16}"
EndProject
Project("{9A19103F-16F7-4668-BE54-9A1E7A4F7556}") = "MultiShop.Order.Persistence", "Services\Order\Infrastructure\MultiShop.Order.Persistence\MultiShop.Order.Persistence.csproj", "{8010CC22-79D8-41AB-B6C9-F77D08BDFDDA}"
EndProject
Project("{9A19103F-16F7-4668-BE54-9A1E7A4F7556}") = "MultiShop.Order.WebApi", "Services\Order\Presentation\MultiShop.Order.WebApi\MultiShop.Order.WebApi.csproj", "{A3A6885B-E3CC-46F7-96A8-4C5D67168925}"
EndProject
Project("{2150E333-8FDC-42A3-9474-1A3956D46DE8}") = "IdentityServer", "IdentityServer", "{DCB8BA56-2AFA-4FD7-AFD5-22E501B0F4A5}"
EndProject
Project("{9A19103F-16F7-4668-BE54-9A1E7A4F7556}") = "MultiShop.IdentityServer", "IdentityServer\MultiShop.IdentityServer\MultiShop.IdentityServer.csproj", "{21E65BFE-B6C9-46D0-9CBA-4488C1627C04}"
EndProject
Project("{2150E333-8FDC-42A3-9474-1A3956D46DE8}") = "Cargo", "Cargo", "{1D3E26F0-50C3-4FE7-ACDC-C2ECC74A86EA}"
EndProject
Project("{9A19103F-16F7-4668-BE54-9A1E7A4F7556}") = "MultiShop.Cargo.BusinessLayer", "Services\Cargo\MultiShop.Cargo.BusinessLayer\MultiShop.Cargo.BusinessLayer.csproj", "{ADFB50D8-3CFA-4B45-816A-12479D62D998}"
EndProject
Project("{9A19103F-16F7-4668-BE54-9A1E7A4F7556}") = "MultiShop.Cargo.EntityLayer", "Services\Cargo\MultiShop.Cargo.EntityLayer\MultiShop.Cargo.EntityLayer.csproj", "{BBBB4C59-39C9-4830-85DF-DC94682D670A}"
EndProject
Project("{9A19103F-16F7-4668-BE54-9A1E7A4F7556}") = "MultiShop.Cargo.DataAccessLayer", "Services\Cargo\MultiShop.Cargo.DataAccessLayer\MultiShop.Cargo.DataAccessLayer.csproj", "{BBAFB745-81CF-4CA1-ABE5-E625399354F1}"
EndProject
Project("{9A19103F-16F7-4668-BE54-9A1E7A4F7556}") = "MultiShop.Cargo.DtoLayer", "Services\Cargo\MultiShop.Cargo.DtoLayer\MultiShop.Cargo.DtoLayer.csproj", "{EF27F221-9B7C-4266-86D6-21DB9AF5C4E2}"
EndProject
Project("{9A19103F-16F7-4668-BE54-9A1E7A4F7556}") = "MultiShop.Cargo.WebApi", "Services\Cargo\MultiShop.Cargo.WebApi\MultiShop.Cargo.WebApi.csproj", "{ABB14839-76E8-4541-A290-E95ACB682AFB}"
EndProject
Project("{2150E333-8FDC-42A3-9474-1A3956D46DE8}") = "Basket", "Basket", "{265FA9C3-C57B-40A6-95E1-B54AB7438AE0}"
EndProject
Project("{9A19103F-16F7-4668-BE54-9A1E7A4F7556}") = "MultiShop.Basket", "Services\Basket\MultiShop.Basket\MultiShop.Basket.csproj", "{7E295DA9-AAE6-4652-9031-3ED866D11131}"
EndProject
Project("{2150E333-8FDC-42A3-9474-1A3956D46DE8}") = "Frontends", "Frontends", "{9A7BB960-319F-4F68-BBAF-9CED72260E89}"
EndProject
Project("{9A19103F-16F7-4668-BE54-9A1E7A4F7556}") = "MultiShop.WebUI", "Frontends\MultiShop.WebUI\MultiShop.WebUI.csproj", "{2D4FECBD-F985-4311-A7DD-FA26E9220F55}"
EndProject
Project("{9A19103F-16F7-4668-BE54-9A1E7A4F7556}") = "MultiShop.DtoLayer", "Frontends\MultiShop.DtoLayer\MultiShop.DtoLayer.csproj", "{5D85C410-39B0-4F38-8808-3EB91A1C7131}"
EndProject
Project("{2150E333-8FDC-42A3-9474-1A3956D46DE8}") = "Comment", "Comment", "{9E64E1D3-6D4B-4B32-B44D-18AD45112CD1}"
EndProject
Project("{9A19103F-16F7-4668-BE54-9A1E7A4F7556}") = "MultiShop.Comment", "Services\Comment\MultiShop.Comment\MultiShop.Comment.csproj", "{C0498A8C-2135-483F-AB3E-3198A47C85FD}"
EndProject
Project("{2150E333-8FDC-42A3-9474-1A3956D46DE8}") = "ApiGateway", "ApiGateway", "{DA781F79-3983-48A7-BEB2-7B6389A288E9}"
EndProject
Project("{9A19103F-16F7-4668-BE54-9A1E7A4F7556}") = "MultiShop.OcelotGateway", "ApiGateway\MultiShop.OcelotGateway\MultiShop.OcelotGateway.csproj", "{4724F4A5-232E-4BF5-90F4-0F822075AAEF}"
EndProject
Project("{2150E333-8FDC-42A3-9474-1A3956D46DE8}") = "Message", "Message", "{6B05580C-5AF9-4886-B402-1FFF490885B9}"
EndProject
Project("{9A19103F-16F7-4668-BE54-9A1E7A4F7556}") = "MultiShop.Message", "Services\Message\MultiShop.Message\MultiShop.Message.csproj", "{E8084EBF-2C99-4D12-B06A-2B8880000C0E}"
EndProject
Project("{2150E333-8FDC-42A3-9474-1A3956D46DE8}") = "SignalR", "SignalR", "{98B2BEAA-2354-4C7D-A388-D75263332660}"
EndProject
Project("{9A19103F-16F7-4668-BE54-9A1E7A4F7556}") = "MultiShop.SignalR", "Services\SignalR\MultiShop.SignalR\MultiShop.SignalR.csproj", "{455AC1B5-4D72-459A-8AC0-1DE2F35795F8}"
EndProject
Project("{2150E333-8FDC-42A3-9474-1A3956D46DE8}") = "Payment", "Payment", "{41EC24A9-279B-4C38-AED9-0C82F817E5BA}"
EndProject
Project("{9A19103F-16F7-4668-BE54-9A1E7A4F7556}") = "MultiShop.Payment", "Services\Payment\MultiShop.Payment\MultiShop.Payment.csproj", "{8CF8A868-18E1-4F04-B084-783C7C378C55}"
EndProject
Global
	GlobalSection(SolutionConfigurationPlatforms) = preSolution
		Debug|Any CPU = Debug|Any CPU
		Release|Any CPU = Release|Any CPU
	EndGlobalSection
	GlobalSection(ProjectConfigurationPlatforms) = postSolution
		{96579B8B-AAFB-4680-B15B-51BD8F157AB4}.Debug|Any CPU.ActiveCfg = Debug|Any CPU
		{96579B8B-AAFB-4680-B15B-51BD8F157AB4}.Debug|Any CPU.Build.0 = Debug|Any CPU
		{96579B8B-AAFB-4680-B15B-51BD8F157AB4}.Release|Any CPU.ActiveCfg = Release|Any CPU
		{96579B8B-AAFB-4680-B15B-51BD8F157AB4}.Release|Any CPU.Build.0 = Release|Any CPU
		{F89AFB7F-655D-4DE7-A207-50DFD523EC1A}.Debug|Any CPU.ActiveCfg = Debug|Any CPU
		{F89AFB7F-655D-4DE7-A207-50DFD523EC1A}.Debug|Any CPU.Build.0 = Debug|Any CPU
		{F89AFB7F-655D-4DE7-A207-50DFD523EC1A}.Release|Any CPU.ActiveCfg = Release|Any CPU
		{F89AFB7F-655D-4DE7-A207-50DFD523EC1A}.Release|Any CPU.Build.0 = Release|Any CPU
		{0662048A-ACFA-493E-8F36-1320FD3A9D1B}.Debug|Any CPU.ActiveCfg = Debug|Any CPU
		{0662048A-ACFA-493E-8F36-1320FD3A9D1B}.Debug|Any CPU.Build.0 = Debug|Any CPU
		{0662048A-ACFA-493E-8F36-1320FD3A9D1B}.Release|Any CPU.ActiveCfg = Release|Any CPU
		{0662048A-ACFA-493E-8F36-1320FD3A9D1B}.Release|Any CPU.Build.0 = Release|Any CPU
		{11DD522A-B4B3-440F-AB0C-AD936980CE16}.Debug|Any CPU.ActiveCfg = Debug|Any CPU
		{11DD522A-B4B3-440F-AB0C-AD936980CE16}.Debug|Any CPU.Build.0 = Debug|Any CPU
		{11DD522A-B4B3-440F-AB0C-AD936980CE16}.Release|Any CPU.ActiveCfg = Release|Any CPU
		{11DD522A-B4B3-440F-AB0C-AD936980CE16}.Release|Any CPU.Build.0 = Release|Any CPU
		{8010CC22-79D8-41AB-B6C9-F77D08BDFDDA}.Debug|Any CPU.ActiveCfg = Debug|Any CPU
		{8010CC22-79D8-41AB-B6C9-F77D08BDFDDA}.Debug|Any CPU.Build.0 = Debug|Any CPU
		{8010CC22-79D8-41AB-B6C9-F77D08BDFDDA}.Release|Any CPU.ActiveCfg = Release|Any CPU
		{8010CC22-79D8-41AB-B6C9-F77D08BDFDDA}.Release|Any CPU.Build.0 = Release|Any CPU
		{A3A6885B-E3CC-46F7-96A8-4C5D67168925}.Debug|Any CPU.ActiveCfg = Debug|Any CPU
		{A3A6885B-E3CC-46F7-96A8-4C5D67168925}.Debug|Any CPU.Build.0 = Debug|Any CPU
		{A3A6885B-E3CC-46F7-96A8-4C5D67168925}.Release|Any CPU.ActiveCfg = Release|Any CPU
		{A3A6885B-E3CC-46F7-96A8-4C5D67168925}.Release|Any CPU.Build.0 = Release|Any CPU
		{21E65BFE-B6C9-46D0-9CBA-4488C1627C04}.Debug|Any CPU.ActiveCfg = Debug|Any CPU
		{21E65BFE-B6C9-46D0-9CBA-4488C1627C04}.Debug|Any CPU.Build.0 = Debug|Any CPU
		{21E65BFE-B6C9-46D0-9CBA-4488C1627C04}.Release|Any CPU.ActiveCfg = Release|Any CPU
		{21E65BFE-B6C9-46D0-9CBA-4488C1627C04}.Release|Any CPU.Build.0 = Release|Any CPU
		{ADFB50D8-3CFA-4B45-816A-12479D62D998}.Debug|Any CPU.ActiveCfg = Debug|Any CPU
		{ADFB50D8-3CFA-4B45-816A-12479D62D998}.Debug|Any CPU.Build.0 = Debug|Any CPU
		{ADFB50D8-3CFA-4B45-816A-12479D62D998}.Release|Any CPU.ActiveCfg = Release|Any CPU
		{ADFB50D8-3CFA-4B45-816A-12479D62D998}.Release|Any CPU.Build.0 = Release|Any CPU
		{BBBB4C59-39C9-4830-85DF-DC94682D670A}.Debug|Any CPU.ActiveCfg = Debug|Any CPU
		{BBBB4C59-39C9-4830-85DF-DC94682D670A}.Debug|Any CPU.Build.0 = Debug|Any CPU
		{BBBB4C59-39C9-4830-85DF-DC94682D670A}.Release|Any CPU.ActiveCfg = Release|Any CPU
		{BBBB4C59-39C9-4830-85DF-DC94682D670A}.Release|Any CPU.Build.0 = Release|Any CPU
		{BBAFB745-81CF-4CA1-ABE5-E625399354F1}.Debug|Any CPU.ActiveCfg = Debug|Any CPU
		{BBAFB745-81CF-4CA1-ABE5-E625399354F1}.Debug|Any CPU.Build.0 = Debug|Any CPU
		{BBAFB745-81CF-4CA1-ABE5-E625399354F1}.Release|Any CPU.ActiveCfg = Release|Any CPU
		{BBAFB745-81CF-4CA1-ABE5-E625399354F1}.Release|Any CPU.Build.0 = Release|Any CPU
		{EF27F221-9B7C-4266-86D6-21DB9AF5C4E2}.Debug|Any CPU.ActiveCfg = Debug|Any CPU
		{EF27F221-9B7C-4266-86D6-21DB9AF5C4E2}.Debug|Any CPU.Build.0 = Debug|Any CPU
		{EF27F221-9B7C-4266-86D6-21DB9AF5C4E2}.Release|Any CPU.ActiveCfg = Release|Any CPU
		{EF27F221-9B7C-4266-86D6-21DB9AF5C4E2}.Release|Any CPU.Build.0 = Release|Any CPU
		{ABB14839-76E8-4541-A290-E95ACB682AFB}.Debug|Any CPU.ActiveCfg = Debug|Any CPU
		{ABB14839-76E8-4541-A290-E95ACB682AFB}.Debug|Any CPU.Build.0 = Debug|Any CPU
		{ABB14839-76E8-4541-A290-E95ACB682AFB}.Release|Any CPU.ActiveCfg = Release|Any CPU
		{ABB14839-76E8-4541-A290-E95ACB682AFB}.Release|Any CPU.Build.0 = Release|Any CPU
		{7E295DA9-AAE6-4652-9031-3ED866D11131}.Debug|Any CPU.ActiveCfg = Debug|Any CPU
		{7E295DA9-AAE6-4652-9031-3ED866D11131}.Debug|Any CPU.Build.0 = Debug|Any CPU
		{7E295DA9-AAE6-4652-9031-3ED866D11131}.Release|Any CPU.ActiveCfg = Release|Any CPU
		{7E295DA9-AAE6-4652-9031-3ED866D11131}.Release|Any CPU.Build.0 = Release|Any CPU
		{2D4FECBD-F985-4311-A7DD-FA26E9220F55}.Debug|Any CPU.ActiveCfg = Debug|Any CPU
		{2D4FECBD-F985-4311-A7DD-FA26E9220F55}.Debug|Any CPU.Build.0 = Debug|Any CPU
		{2D4FECBD-F985-4311-A7DD-FA26E9220F55}.Release|Any CPU.ActiveCfg = Release|Any CPU
		{2D4FECBD-F985-4311-A7DD-FA26E9220F55}.Release|Any CPU.Build.0 = Release|Any CPU
		{5D85C410-39B0-4F38-8808-3EB91A1C7131}.Debug|Any CPU.ActiveCfg = Debug|Any CPU
		{5D85C410-39B0-4F38-8808-3EB91A1C7131}.Debug|Any CPU.Build.0 = Debug|Any CPU
		{5D85C410-39B0-4F38-8808-3EB91A1C7131}.Release|Any CPU.ActiveCfg = Release|Any CPU
		{5D85C410-39B0-4F38-8808-3EB91A1C7131}.Release|Any CPU.Build.0 = Release|Any CPU
		{C0498A8C-2135-483F-AB3E-3198A47C85FD}.Debug|Any CPU.ActiveCfg = Debug|Any CPU
		{C0498A8C-2135-483F-AB3E-3198A47C85FD}.Debug|Any CPU.Build.0 = Debug|Any CPU
		{C0498A8C-2135-483F-AB3E-3198A47C85FD}.Release|Any CPU.ActiveCfg = Release|Any CPU
		{C0498A8C-2135-483F-AB3E-3198A47C85FD}.Release|Any CPU.Build.0 = Release|Any CPU
		{4724F4A5-232E-4BF5-90F4-0F822075AAEF}.Debug|Any CPU.ActiveCfg = Debug|Any CPU
		{4724F4A5-232E-4BF5-90F4-0F822075AAEF}.Debug|Any CPU.Build.0 = Debug|Any CPU
		{4724F4A5-232E-4BF5-90F4-0F822075AAEF}.Release|Any CPU.ActiveCfg = Release|Any CPU
		{4724F4A5-232E-4BF5-90F4-0F822075AAEF}.Release|Any CPU.Build.0 = Release|Any CPU
		{E8084EBF-2C99-4D12-B06A-2B8880000C0E}.Debug|Any CPU.ActiveCfg = Debug|Any CPU
		{E8084EBF-2C99-4D12-B06A-2B8880000C0E}.Debug|Any CPU.Build.0 = Debug|Any CPU
		{E8084EBF-2C99-4D12-B06A-2B8880000C0E}.Release|Any CPU.ActiveCfg = Release|Any CPU
		{E8084EBF-2C99-4D12-B06A-2B8880000C0E}.Release|Any CPU.Build.0 = Release|Any CPU
		{455AC1B5-4D72-459A-8AC0-1DE2F35795F8}.Debug|Any CPU.ActiveCfg = Debug|Any CPU
		{455AC1B5-4D72-459A-8AC0-1DE2F35795F8}.Debug|Any CPU.Build.0 = Debug|Any CPU
		{455AC1B5-4D72-459A-8AC0-1DE2F35795F8}.Release|Any CPU.ActiveCfg = Release|Any CPU
		{455AC1B5-4D72-459A-8AC0-1DE2F35795F8}.Release|Any CPU.Build.0 = Release|Any CPU
		{8CF8A868-18E1-4F04-B084-783C7C378C55}.Debug|Any CPU.ActiveCfg = Debug|Any CPU
		{8CF8A868-18E1-4F04-B084-783C7C378C55}.Debug|Any CPU.Build.0 = Debug|Any CPU
		{8CF8A868-18E1-4F04-B084-783C7C378C55}.Release|Any CPU.ActiveCfg = Release|Any CPU
		{8CF8A868-18E1-4F04-B084-783C7C378C55}.Release|Any CPU.Build.0 = Release|Any CPU
	EndGlobalSection
	GlobalSection(SolutionProperties) = preSolution
		HideSolutionNode = FALSE
	EndGlobalSection
	GlobalSection(NestedProjects) = preSolution
		{A4EEC440-53C9-47A7-A399-4E121E2B4BFF} = {594F7021-C270-4172-B92B-A5E8C4E582BE}
		{96579B8B-AAFB-4680-B15B-51BD8F157AB4} = {A4EEC440-53C9-47A7-A399-4E121E2B4BFF}
		{CA786498-90E5-4098-87B7-F5A9D219DFE9} = {594F7021-C270-4172-B92B-A5E8C4E582BE}
		{F89AFB7F-655D-4DE7-A207-50DFD523EC1A} = {CA786498-90E5-4098-87B7-F5A9D219DFE9}
		{9BBA821E-EA1F-40F6-A431-EBB7B0D46046} = {594F7021-C270-4172-B92B-A5E8C4E582BE}
		{B18AAD75-66E6-405B-8B7E-00C7627A8F49} = {9BBA821E-EA1F-40F6-A431-EBB7B0D46046}
		{2E7050CC-3536-4571-AAF5-DD090BC0AC56} = {9BBA821E-EA1F-40F6-A431-EBB7B0D46046}
		{FB800798-35CC-4035-97BF-FCB7DBF07A5F} = {9BBA821E-EA1F-40F6-A431-EBB7B0D46046}
		{0662048A-ACFA-493E-8F36-1320FD3A9D1B} = {B18AAD75-66E6-405B-8B7E-00C7627A8F49}
		{11DD522A-B4B3-440F-AB0C-AD936980CE16} = {B18AAD75-66E6-405B-8B7E-00C7627A8F49}
		{8010CC22-79D8-41AB-B6C9-F77D08BDFDDA} = {2E7050CC-3536-4571-AAF5-DD090BC0AC56}
		{A3A6885B-E3CC-46F7-96A8-4C5D67168925} = {FB800798-35CC-4035-97BF-FCB7DBF07A5F}
		{21E65BFE-B6C9-46D0-9CBA-4488C1627C04} = {DCB8BA56-2AFA-4FD7-AFD5-22E501B0F4A5}
		{1D3E26F0-50C3-4FE7-ACDC-C2ECC74A86EA} = {594F7021-C270-4172-B92B-A5E8C4E582BE}
		{ADFB50D8-3CFA-4B45-816A-12479D62D998} = {1D3E26F0-50C3-4FE7-ACDC-C2ECC74A86EA}
		{BBBB4C59-39C9-4830-85DF-DC94682D670A} = {1D3E26F0-50C3-4FE7-ACDC-C2ECC74A86EA}
		{BBAFB745-81CF-4CA1-ABE5-E625399354F1} = {1D3E26F0-50C3-4FE7-ACDC-C2ECC74A86EA}
		{EF27F221-9B7C-4266-86D6-21DB9AF5C4E2} = {1D3E26F0-50C3-4FE7-ACDC-C2ECC74A86EA}
		{ABB14839-76E8-4541-A290-E95ACB682AFB} = {1D3E26F0-50C3-4FE7-ACDC-C2ECC74A86EA}
		{265FA9C3-C57B-40A6-95E1-B54AB7438AE0} = {594F7021-C270-4172-B92B-A5E8C4E582BE}
		{7E295DA9-AAE6-4652-9031-3ED866D11131} = {265FA9C3-C57B-40A6-95E1-B54AB7438AE0}
		{2D4FECBD-F985-4311-A7DD-FA26E9220F55} = {9A7BB960-319F-4F68-BBAF-9CED72260E89}
		{5D85C410-39B0-4F38-8808-3EB91A1C7131} = {9A7BB960-319F-4F68-BBAF-9CED72260E89}
		{9E64E1D3-6D4B-4B32-B44D-18AD45112CD1} = {594F7021-C270-4172-B92B-A5E8C4E582BE}
		{C0498A8C-2135-483F-AB3E-3198A47C85FD} = {9E64E1D3-6D4B-4B32-B44D-18AD45112CD1}
		{4724F4A5-232E-4BF5-90F4-0F822075AAEF} = {DA781F79-3983-48A7-BEB2-7B6389A288E9}
		{6B05580C-5AF9-4886-B402-1FFF490885B9} = {594F7021-C270-4172-B92B-A5E8C4E582BE}
		{E8084EBF-2C99-4D12-B06A-2B8880000C0E} = {6B05580C-5AF9-4886-B402-1FFF490885B9}
		{98B2BEAA-2354-4C7D-A388-D75263332660} = {594F7021-C270-4172-B92B-A5E8C4E582BE}
		{455AC1B5-4D72-459A-8AC0-1DE2F35795F8} = {98B2BEAA-2354-4C7D-A388-D75263332660}
		{41EC24A9-279B-4C38-AED9-0C82F817E5BA} = {594F7021-C270-4172-B92B-A5E8C4E582BE}
		{8CF8A868-18E1-4F04-B084-783C7C378C55} = {41EC24A9-279B-4C38-AED9-0C82F817E5BA}
	EndGlobalSection
	GlobalSection(ExtensibilityGlobals) = postSolution
		SolutionGuid = {84CB6679-04BC-4E88-99C4-EDB52E51C352}
	EndGlobalSection
EndGlobal
